// !$*UTF8*$!
{
	archiveVersion = 1;
	classes = {
	};
	objectVersion = 48;
	objects = {

/* Begin PBXBuildFile section */
		59D577D78D6868DDA3D12FEC /* Pods_TPMTumblr.framework in Frameworks */ = {isa = PBXBuildFile; fileRef = 1D4D83AA78E99B042FD3A492 /* Pods_TPMTumblr.framework */; };
		BB4D57281FD51B6600AF8603 /* AppDelegate.swift in Sources */ = {isa = PBXBuildFile; fileRef = BB4D57271FD51B6600AF8603 /* AppDelegate.swift */; };
		BB4D572A1FD51B6600AF8603 /* ViewController.swift in Sources */ = {isa = PBXBuildFile; fileRef = BB4D57291FD51B6600AF8603 /* ViewController.swift */; };
		BB4D572D1FD51B6600AF8603 /* Main.storyboard in Resources */ = {isa = PBXBuildFile; fileRef = BB4D572B1FD51B6600AF8603 /* Main.storyboard */; };
		BB4D572F1FD51B6600AF8603 /* Assets.xcassets in Resources */ = {isa = PBXBuildFile; fileRef = BB4D572E1FD51B6600AF8603 /* Assets.xcassets */; };
		BB4D57321FD51B6600AF8603 /* LaunchScreen.storyboard in Resources */ = {isa = PBXBuildFile; fileRef = BB4D57301FD51B6600AF8603 /* LaunchScreen.storyboard */; };
/* End PBXBuildFile section */

/* Begin PBXFileReference section */
		10461606C953678F02997F08 /* Pods-TPMTumblr.release.xcconfig */ = {isa = PBXFileReference; includeInIndex = 1; lastKnownFileType = text.xcconfig; name = "Pods-TPMTumblr.release.xcconfig"; path = "Pods/Target Support Files/Pods-TPMTumblr/Pods-TPMTumblr.release.xcconfig"; sourceTree = "<group>"; };
		1D4D83AA78E99B042FD3A492 /* Pods_TPMTumblr.framework */ = {isa = PBXFileReference; explicitFileType = wrapper.framework; includeInIndex = 0; path = Pods_TPMTumblr.framework; sourceTree = BUILT_PRODUCTS_DIR; };
		92EDAE434CF9C06771F5E2CB /* Pods-TPMTumblr.debug.xcconfig */ = {isa = PBXFileReference; includeInIndex = 1; lastKnownFileType = text.xcconfig; name = "Pods-TPMTumblr.debug.xcconfig"; path = "Pods/Target Support Files/Pods-TPMTumblr/Pods-TPMTumblr.debug.xcconfig"; sourceTree = "<group>"; };
		BB4D57241FD51B6600AF8603 /* TPMTumblr.app */ = {isa = PBXFileReference; explicitFileType = wrapper.application; includeInIndex = 0; path = TPMTumblr.app; sourceTree = BUILT_PRODUCTS_DIR; };
		BB4D57271FD51B6600AF8603 /* AppDelegate.swift */ = {isa = PBXFileReference; lastKnownFileType = sourcecode.swift; path = AppDelegate.swift; sourceTree = "<group>"; };
		BB4D57291FD51B6600AF8603 /* ViewController.swift */ = {isa = PBXFileReference; lastKnownFileType = sourcecode.swift; path = ViewController.swift; sourceTree = "<group>"; };
		BB4D572C1FD51B6600AF8603 /* Base */ = {isa = PBXFileReference; lastKnownFileType = file.storyboard; name = Base; path = Base.lproj/Main.storyboard; sourceTree = "<group>"; };
		BB4D572E1FD51B6600AF8603 /* Assets.xcassets */ = {isa = PBXFileReference; lastKnownFileType = folder.assetcatalog; path = Assets.xcassets; sourceTree = "<group>"; };
		BB4D57311FD51B6600AF8603 /* Base */ = {isa = PBXFileReference; lastKnownFileType = file.storyboard; name = Base; path = Base.lproj/LaunchScreen.storyboard; sourceTree = "<group>"; };
		BB4D57331FD51B6600AF8603 /* Info.plist */ = {isa = PBXFileReference; lastKnownFileType = text.plist.xml; path = Info.plist; sourceTree = "<group>"; };
/* End PBXFileReference section */

/* Begin PBXFrameworksBuildPhase section */
		BB4D57211FD51B6600AF8603 /* Frameworks */ = {
			isa = PBXFrameworksBuildPhase;
			buildActionMask = 2147483647;
			files = (
				59D577D78D6868DDA3D12FEC /* Pods_TPMTumblr.framework in Frameworks */,
			);
			runOnlyForDeploymentPostprocessing = 0;
		};
/* End PBXFrameworksBuildPhase section */

/* Begin PBXGroup section */
		0A84BF39E7AC894BE7FE717E /* Pods */ = {
			isa = PBXGroup;
			children = (
				92EDAE434CF9C06771F5E2CB /* Pods-TPMTumblr.debug.xcconfig */,
				10461606C953678F02997F08 /* Pods-TPMTumblr.release.xcconfig */,
			);
			name = Pods;
			sourceTree = "<group>";
		};
		4F9FDEEB916D79F51BBB748B /* Frameworks */ = {
			isa = PBXGroup;
			children = (
				1D4D83AA78E99B042FD3A492 /* Pods_TPMTumblr.framework */,
			);
			name = Frameworks;
			sourceTree = "<group>";
		};
		BB4D571B1FD51B6600AF8603 = {
			isa = PBXGroup;
			children = (
				BB4D57261FD51B6600AF8603 /* TPMTumblr */,
				BB4D57251FD51B6600AF8603 /* Products */,
				0A84BF39E7AC894BE7FE717E /* Pods */,
				4F9FDEEB916D79F51BBB748B /* Frameworks */,
			);
			sourceTree = "<group>";
		};
		BB4D57251FD51B6600AF8603 /* Products */ = {
			isa = PBXGroup;
			children = (
				BB4D57241FD51B6600AF8603 /* TPMTumblr.app */,
			);
			name = Products;
			sourceTree = "<group>";
		};
		BB4D57261FD51B6600AF8603 /* TPMTumblr */ = {
			isa = PBXGroup;
			children = (
				BB4D57271FD51B6600AF8603 /* AppDelegate.swift */,
				BB4D57291FD51B6600AF8603 /* ViewController.swift */,
				BB4D572B1FD51B6600AF8603 /* Main.storyboard */,
				BB4D572E1FD51B6600AF8603 /* Assets.xcassets */,
				BB4D57301FD51B6600AF8603 /* LaunchScreen.storyboard */,
				BB4D57331FD51B6600AF8603 /* Info.plist */,
			);
			path = TPMTumblr;
			sourceTree = "<group>";
		};
/* End PBXGroup section */

/* Begin PBXNativeTarget section */
		BB4D57231FD51B6600AF8603 /* TPMTumblr */ = {
			isa = PBXNativeTarget;
			buildConfigurationList = BB4D57361FD51B6700AF8603 /* Build configuration list for PBXNativeTarget "TPMTumblr" */;
			buildPhases = (
				85DF4796CB4E57E9449FAE72 /* [CP] Check Pods Manifest.lock */,
				BB4D57201FD51B6600AF8603 /* Sources */,
				BB4D57211FD51B6600AF8603 /* Frameworks */,
				BB4D57221FD51B6600AF8603 /* Resources */,
				7AA5F17105C591F3723319FB /* [CP] Embed Pods Frameworks */,
				2F4D28E6AA8D37D70CD2C399 /* [CP] Copy Pods Resources */,
			);
			buildRules = (
			);
			dependencies = (
			);
			name = TPMTumblr;
			productName = TPMTumblr;
			productReference = BB4D57241FD51B6600AF8603 /* TPMTumblr.app */;
			productType = "com.apple.product-type.application";
		};
/* End PBXNativeTarget section */

/* Begin PBXProject section */
		BB4D571C1FD51B6600AF8603 /* Project object */ = {
			isa = PBXProject;
			attributes = {
				LastSwiftUpdateCheck = 0910;
				LastUpgradeCheck = 0910;
				ORGANIZATIONNAME = "Samman Thapa";
				TargetAttributes = {
					BB4D57231FD51B6600AF8603 = {
						CreatedOnToolsVersion = 9.1;
						ProvisioningStyle = Automatic;
					};
				};
			};
			buildConfigurationList = BB4D571F1FD51B6600AF8603 /* Build configuration list for PBXProject "TPMTumblr" */;
			compatibilityVersion = "Xcode 8.0";
			developmentRegion = en;
			hasScannedForEncodings = 0;
			knownRegions = (
				en,
				Base,
			);
			mainGroup = BB4D571B1FD51B6600AF8603;
			productRefGroup = BB4D57251FD51B6600AF8603 /* Products */;
			projectDirPath = "";
			projectRoot = "";
			targets = (
				BB4D57231FD51B6600AF8603 /* TPMTumblr */,
			);
		};
/* End PBXProject section */

/* Begin PBXResourcesBuildPhase section */
		BB4D57221FD51B6600AF8603 /* Resources */ = {
			isa = PBXResourcesBuildPhase;
			buildActionMask = 2147483647;
			files = (
				BB4D57321FD51B6600AF8603 /* LaunchScreen.storyboard in Resources */,
				BB4D572F1FD51B6600AF8603 /* Assets.xcassets in Resources */,
				BB4D572D1FD51B6600AF8603 /* Main.storyboard in Resources */,
			);
			runOnlyForDeploymentPostprocessing = 0;
		};
/* End PBXResourcesBuildPhase section */

/* Begin PBXShellScriptBuildPhase section */
		2F4D28E6AA8D37D70CD2C399 /* [CP] Copy Pods Resources */ = {
			isa = PBXShellScriptBuildPhase;
			buildActionMask = 2147483647;
			files = (
			);
			inputPaths = (
			);
			name = "[CP] Copy Pods Resources";
			outputPaths = (
			);
			runOnlyForDeploymentPostprocessing = 0;
			shellPath = /bin/sh;
			shellScript = "\"${SRCROOT}/Pods/Target Support Files/Pods-TPMTumblr/Pods-TPMTumblr-resources.sh\"\n";
			showEnvVarsInLog = 0;
		};
		7AA5F17105C591F3723319FB /* [CP] Embed Pods Frameworks */ = {
			isa = PBXShellScriptBuildPhase;
			buildActionMask = 2147483647;
			files = (
			);
			inputPaths = (
				"${SRCROOT}/Pods/Target Support Files/Pods-TPMTumblr/Pods-TPMTumblr-frameworks.sh",
				"${BUILT_PRODUCTS_DIR}/Alamofire/Alamofire.framework",
				"${BUILT_PRODUCTS_DIR}/AlamofireImage/AlamofireImage.framework",
			);
			name = "[CP] Embed Pods Frameworks";
			outputPaths = (
				"${TARGET_BUILD_DIR}/${FRAMEWORKS_FOLDER_PATH}/Alamofire.framework",
				"${TARGET_BUILD_DIR}/${FRAMEWORKS_FOLDER_PATH}/AlamofireImage.framework",
			);
			runOnlyForDeploymentPostprocessing = 0;
			shellPath = /bin/sh;
			shellScript = "\"${SRCROOT}/Pods/Target Support Files/Pods-TPMTumblr/Pods-TPMTumblr-frameworks.sh\"\n";
			showEnvVarsInLog = 0;
		};
		85DF4796CB4E57E9449FAE72 /* [CP] Check Pods Manifest.lock */ = {
			isa = PBXShellScriptBuildPhase;
			buildActionMask = 2147483647;
			files = (
			);
			inputPaths = (
				"${PODS_PODFILE_DIR_PATH}/Podfile.lock",
				"${PODS_ROOT}/Manifest.lock",
			);
			name = "[CP] Check Pods Manifest.lock";
			outputPaths = (
				"$(DERIVED_FILE_DIR)/Pods-TPMTumblr-checkManifestLockResult.txt",
			);
			runOnlyForDeploymentPostprocessing = 0;
			shellPath = /bin/sh;
			shellScript = "diff \"${PODS_PODFILE_DIR_PATH}/Podfile.lock\" \"${PODS_ROOT}/Manifest.lock\" > /dev/null\nif [ $? != 0 ] ; then\n    # print error to STDERR\n    echo \"error: The sandbox is not in sync with the Podfile.lock. Run 'pod install' or update your CocoaPods installation.\" >&2\n    exit 1\nfi\n# This output is used by Xcode 'outputs' to avoid re-running this script phase.\necho \"SUCCESS\" > \"${SCRIPT_OUTPUT_FILE_0}\"\n";
			showEnvVarsInLog = 0;
		};
/* End PBXShellScriptBuildPhase section */

/* Begin PBXSourcesBuildPhase section */
		BB4D57201FD51B6600AF8603 /* Sources */ = {
			isa = PBXSourcesBuildPhase;
			buildActionMask = 2147483647;
			files = (
				BB4D572A1FD51B6600AF8603 /* ViewController.swift in Sources */,
				BB4D57281FD51B6600AF8603 /* AppDelegate.swift in Sources */,
			);
			runOnlyForDeploymentPostprocessing = 0;
		};
/* End PBXSourcesBuildPhase section */

/* Begin PBXVariantGroup section */
		BB4D572B1FD51B6600AF8603 /* Main.storyboard */ = {
			isa = PBXVariantGroup;
			children = (
				BB4D572C1FD51B6600AF8603 /* Base */,
			);
			name = Main.storyboard;
			sourceTree = "<group>";
		};
		BB4D57301FD51B6600AF8603 /* LaunchScreen.storyboard */ = {
			isa = PBXVariantGroup;
			children = (
				BB4D57311FD51B6600AF8603 /* Base */,
			);
			name = LaunchScreen.storyboard;
			sourceTree = "<group>";
		};
/* End PBXVariantGroup section */

/* Begin XCBuildConfiguration section */
		BB4D57341FD51B6600AF8603 /* Debug */ = {
			isa = XCBuildConfiguration;
			buildSettings = {
				ALWAYS_SEARCH_USER_PATHS = NO;
				CLANG_ANALYZER_NONNULL = YES;
				CLANG_ANALYZER_NUMBER_OBJECT_CONVERSION = YES_AGGRESSIVE;
				CLANG_CXX_LANGUAGE_STANDARD = "gnu++14";
				CLANG_CXX_LIBRARY = "libc++";
				CLANG_ENABLE_MODULES = YES;
				CLANG_ENABLE_OBJC_ARC = YES;
				CLANG_WARN_BLOCK_CAPTURE_AUTORELEASING = YES;
				CLANG_WARN_BOOL_CONVERSION = YES;
				CLANG_WARN_COMMA = YES;
				CLANG_WARN_CONSTANT_CONVERSION = YES;
				CLANG_WARN_DIRECT_OBJC_ISA_USAGE = YES_ERROR;
				CLANG_WARN_DOCUMENTATION_COMMENTS = YES;
				CLANG_WARN_EMPTY_BODY = YES;
				CLANG_WARN_ENUM_CONVERSION = YES;
				CLANG_WARN_INFINITE_RECURSION = YES;
				CLANG_WARN_INT_CONVERSION = YES;
				CLANG_WARN_NON_LITERAL_NULL_CONVERSION = YES;
				CLANG_WARN_OBJC_LITERAL_CONVERSION = YES;
				CLANG_WARN_OBJC_ROOT_CLASS = YES_ERROR;
				CLANG_WARN_RANGE_LOOP_ANALYSIS = YES;
				CLANG_WARN_STRICT_PROTOTYPES = YES;
				CLANG_WARN_SUSPICIOUS_MOVE = YES;
				CLANG_WARN_UNGUARDED_AVAILABILITY = YES_AGGRESSIVE;
				CLANG_WARN_UNREACHABLE_CODE = YES;
				CLANG_WARN__DUPLICATE_METHOD_MATCH = YES;
				CODE_SIGN_IDENTITY = "iPhone Developer";
				COPY_PHASE_STRIP = NO;
				DEBUG_INFORMATION_FORMAT = dwarf;
				ENABLE_STRICT_OBJC_MSGSEND = YES;
				ENABLE_TESTABILITY = YES;
				GCC_C_LANGUAGE_STANDARD = gnu11;
				GCC_DYNAMIC_NO_PIC = NO;
				GCC_NO_COMMON_BLOCKS = YES;
				GCC_OPTIMIZATION_LEVEL = 0;
				GCC_PREPROCESSOR_DEFINITIONS = (
					"DEBUG=1",
					"$(inherited)",
				);
				GCC_WARN_64_TO_32_BIT_CONVERSION = YES;
				GCC_WARN_ABOUT_RETURN_TYPE = YES_ERROR;
				GCC_WARN_UNDECLARED_SELECTOR = YES;
				GCC_WARN_UNINITIALIZED_AUTOS = YES_AGGRESSIVE;
				GCC_WARN_UNUSED_FUNCTION = YES;
				GCC_WARN_UNUSED_VARIABLE = YES;
				IPHONEOS_DEPLOYMENT_TARGET = 11.1;
				MTL_ENABLE_DEBUG_INFO = YES;
				ONLY_ACTIVE_ARCH = YES;
				SDKROOT = iphoneos;
				SWIFT_ACTIVE_COMPILATION_CONDITIONS = DEBUG;
				SWIFT_OPTIMIZATION_LEVEL = "-Onone";
			};
			name = Debug;
		};
		BB4D57351FD51B6600AF8603 /* Release */ = {
			isa = XCBuildConfiguration;
			buildSettings = {
				ALWAYS_SEARCH_USER_PATHS = NO;
				CLANG_ANALYZER_NONNULL = YES;
				CLANG_ANALYZER_NUMBER_OBJECT_CONVERSION = YES_AGGRESSIVE;
				CLANG_CXX_LANGUAGE_STANDARD = "gnu++14";
				CLANG_CXX_LIBRARY = "libc++";
				CLANG_ENABLE_MODULES = YES;
				CLANG_ENABLE_OBJC_ARC = YES;
				CLANG_WARN_BLOCK_CAPTURE_AUTORELEASING = YES;
				CLANG_WARN_BOOL_CONVERSION = YES;
				CLANG_WARN_COMMA = YES;
				CLANG_WARN_CONSTANT_CONVERSION = YES;
				CLANG_WARN_DIRECT_OBJC_ISA_USAGE = YES_ERROR;
				CLANG_WARN_DOCUMENTATION_COMMENTS = YES;
				CLANG_WARN_EMPTY_BODY = YES;
				CLANG_WARN_ENUM_CONVERSION = YES;
				CLANG_WARN_INFINITE_RECURSION = YES;
				CLANG_WARN_INT_CONVERSION = YES;
				CLANG_WARN_NON_LITERAL_NULL_CONVERSION = YES;
				CLANG_WARN_OBJC_LITERAL_CONVERSION = YES;
				CLANG_WARN_OBJC_ROOT_CLASS = YES_ERROR;
				CLANG_WARN_RANGE_LOOP_ANALYSIS = YES;
				CLANG_WARN_STRICT_PROTOTYPES = YES;
				CLANG_WARN_SUSPICIOUS_MOVE = YES;
				CLANG_WARN_UNGUARDED_AVAILABILITY = YES_AGGRESSIVE;
				CLANG_WARN_UNREACHABLE_CODE = YES;
				CLANG_WARN__DUPLICATE_METHOD_MATCH = YES;
				CODE_SIGN_IDENTITY = "iPhone Developer";
				COPY_PHASE_STRIP = NO;
				DEBUG_INFORMATION_FORMAT = "dwarf-with-dsym";
				ENABLE_NS_ASSERTIONS = NO;
				ENABLE_STRICT_OBJC_MSGSEND = YES;
				GCC_C_LANGUAGE_STANDARD = gnu11;
				GCC_NO_COMMON_BLOCKS = YES;
				GCC_WARN_64_TO_32_BIT_CONVERSION = YES;
				GCC_WARN_ABOUT_RETURN_TYPE = YES_ERROR;
				GCC_WARN_UNDECLARED_SELECTOR = YES;
				GCC_WARN_UNINITIALIZED_AUTOS = YES_AGGRESSIVE;
				GCC_WARN_UNUSED_FUNCTION = YES;
				GCC_WARN_UNUSED_VARIABLE = YES;
				IPHONEOS_DEPLOYMENT_TARGET = 11.1;
				MTL_ENABLE_DEBUG_INFO = NO;
				SDKROOT = iphoneos;
				SWIFT_OPTIMIZATION_LEVEL = "-Owholemodule";
				VALIDATE_PRODUCT = YES;
			};
			name = Release;
		};
		BB4D57371FD51B6700AF8603 /* Debug */ = {
			isa = XCBuildConfiguration;
			baseConfigurationReference = 92EDAE434CF9C06771F5E2CB /* Pods-TPMTumblr.debug.xcconfig */;
			buildSettings = {
				ASSETCATALOG_COMPILER_APPICON_NAME = AppIcon;
				CODE_SIGN_STYLE = Automatic;
				DEVELOPMENT_TEAM = K86KHC28SR;
				INFOPLIST_FILE = TPMTumblr/Info.plist;
				LD_RUNPATH_SEARCH_PATHS = "$(inherited) @executable_path/Frameworks";
				PRODUCT_BUNDLE_IDENTIFIER = com.sammanapps.TPMTumblr;
				PRODUCT_NAME = "$(TARGET_NAME)";
				SWIFT_VERSION = 4.0;
				TARGETED_DEVICE_FAMILY = "1,2";
			};
			name = Debug;
		};
		BB4D57381FD51B6700AF8603 /* Release */ = {
			isa = XCBuildConfiguration;
			baseConfigurationReference = 10461606C953678F02997F08 /* Pods-TPMTumblr.release.xcconfig */;
			buildSettings = {
				ASSETCATALOG_COMPILER_APPICON_NAME = AppIcon;
				CODE_SIGN_STYLE = Automatic;
				DEVELOPMENT_TEAM = K86KHC28SR;
				INFOPLIST_FILE = TPMTumblr/Info.plist;
				LD_RUNPATH_SEARCH_PATHS = "$(inherited) @executable_path/Frameworks";
				PRODUCT_BUNDLE_IDENTIFIER = com.sammanapps.TPMTumblr;
				PRODUCT_NAME = "$(TARGET_NAME)";
				SWIFT_VERSION = 4.0;
				TARGETED_DEVICE_FAMILY = "1,2";
			};
			name = Release;
		};
/* End XCBuildConfiguration section */

/* Begin XCConfigurationList section */
		BB4D571F1FD51B6600AF8603 /* Build configuration list for PBXProject "TPMTumblr" */ = {
			isa = XCConfigurationList;
			buildConfigurations = (
				BB4D57341FD51B6600AF8603 /* Debug */,
				BB4D57351FD51B6600AF8603 /* Release */,
			);
			defaultConfigurationIsVisible = 0;
			defaultConfigurationName = Release;
		};
		BB4D57361FD51B6700AF8603 /* Build configuration list for PBXNativeTarget "TPMTumblr" */ = {
			isa = XCConfigurationList;
			buildConfigurations = (
				BB4D57371FD51B6700AF8603 /* Debug */,
				BB4D57381FD51B6700AF8603 /* Release */,
			);
			defaultConfigurationIsVisible = 0;
			defaultConfigurationName = Release;
		};
/* End XCConfigurationList section */
	};
	rootObject = BB4D571C1FD51B6600AF8603 /* Project object */;
}
